
Microsoft Visual Studio Solution File, Format Version 12.00
# Visual Studio Version 17
VisualStudioVersion = 17.0.31903.59
MinimumVisualStudioVersion = 10.0.40219.1
Project("{00D1A9C2-B5F0-4AF3-8072-F6C62B433612}") = "dapac", "dapac\dapac.sqlproj", "{AF443C06-F6AC-4343-BE74-BA327F7F8715}"
EndProject
Global
	GlobalSection(SolutionConfigurationPlatforms) = preSolution
		Debug|Any CPU = Debug|Any CPU
		Release|Any CPU = Release|Any CPU
	EndGlobalSection
	GlobalSection(ProjectConfigurationPlatforms) = postSolution
		{AF443C06-F6AC-4343-BE74-BA327F7F8715}.Debug|Any CPU.ActiveCfg = Debug|Any CPU
		{AF443C06-F6AC-4343-BE74-BA327F7F8715}.Debug|Any CPU.Build.0 = Debug|Any CPU
		{AF443C06-F6AC-4343-BE74-BA327F7F8715}.Debug|Any CPU.Deploy.0 = Debug|Any CPU
		{AF443C06-F6AC-4343-BE74-BA327F7F8715}.Release|Any CPU.ActiveCfg = Release|Any CPU
		{AF443C06-F6AC-4343-BE74-BA327F7F8715}.Release|Any CPU.Build.0 = Release|Any CPU
		{AF443C06-F6AC-4343-BE74-BA327F7F8715}.Release|Any CPU.Deploy.0 = Release|Any CPU
	EndGlobalSection
	GlobalSection(SolutionProperties) = preSolution
		HideSolutionNode = FALSE
	EndGlobalSection
	GlobalSection(ExtensibilityGlobals) = postSolution
		SolutionGuid = {8EE89EB8-1E7D-4AB7-BA47-5A79DF93D267}
	EndGlobalSection
EndGlobal
